
Microsoft Visual Studio Solution File, Format Version 12.00
# Visual Studio 15
VisualStudioVersion = 15.0.28307.136
MinimumVisualStudioVersion = 10.0.40219.1
Project("{FAE04EC0-301F-11D3-BF4B-00C04F79EFBC}") = "TrashCollector", "TrashCollector\TrashCollector.csproj", "{7985DA13-E9B3-452A-818F-A71C134D8DD5}"
EndProject
Global
	GlobalSection(SolutionConfigurationPlatforms) = preSolution
		Debug|Any CPU = Debug|Any CPU
		Release|Any CPU = Release|Any CPU
	EndGlobalSection
	GlobalSection(ProjectConfigurationPlatforms) = postSolution
		{7985DA13-E9B3-452A-818F-A71C134D8DD5}.Debug|Any CPU.ActiveCfg = Debug|Any CPU
		{7985DA13-E9B3-452A-818F-A71C134D8DD5}.Debug|Any CPU.Build.0 = Debug|Any CPU
		{7985DA13-E9B3-452A-818F-A71C134D8DD5}.Release|Any CPU.ActiveCfg = Release|Any CPU
		{7985DA13-E9B3-452A-818F-A71C134D8DD5}.Release|Any CPU.Build.0 = Release|Any CPU
	EndGlobalSection
	GlobalSection(SolutionProperties) = preSolution
		HideSolutionNode = FALSE
	EndGlobalSection
	GlobalSection(ExtensibilityGlobals) = postSolution
		SolutionGuid = {EFB6C62C-A97C-4C26-B139-339E0C53907E}
	EndGlobalSection
EndGlobal
